// !$*UTF8*$!
{
	archiveVersion = 1;
	classes = {
	};
	objectVersion = 56;
	objects = {

/* Begin PBXBuildFile section */
		2A2975A02B1D8F4500C7E015 /* GameMode.swift in Sources */ = {isa = PBXBuildFile; fileRef = 2A29759F2B1D8F4500C7E015 /* GameMode.swift */; };
		2A2975A22B1D90C300C7E015 /* Constants.swift in Sources */ = {isa = PBXBuildFile; fileRef = 2A2975A12B1D90C300C7E015 /* Constants.swift */; };
		2A32E3E02B1D9E7A00F2C3FB /* ButtonStyle.swift in Sources */ = {isa = PBXBuildFile; fileRef = 2A32E3DF2B1D9E7A00F2C3FB /* ButtonStyle.swift */; };
		2A32E3E32B1DAAFF00F2C3FB /* GameView.swift in Sources */ = {isa = PBXBuildFile; fileRef = 2A32E3E22B1DAAFF00F2C3FB /* GameView.swift */; };
		2A32E3E62B1DBEBD00F2C3FB /* GameViewModel.swift in Sources */ = {isa = PBXBuildFile; fileRef = 2A32E3E52B1DBEBD00F2C3FB /* GameViewModel.swift */; };
		2A32E3E82B1DC2FB00F2C3FB /* BoardCircle.swift in Sources */ = {isa = PBXBuildFile; fileRef = 2A32E3E72B1DC2FB00F2C3FB /* BoardCircle.swift */; };
		2A32E3ED2B1F244400F2C3FB /* Player.swift in Sources */ = {isa = PBXBuildFile; fileRef = 2A32E3EC2B1F244400F2C3FB /* Player.swift */; };
		2A32E3EF2B1F28BF00F2C3FB /* GameMove.swift in Sources */ = {isa = PBXBuildFile; fileRef = 2A32E3EE2B1F28BF00F2C3FB /* GameMove.swift */; };
		2AD3197B2B26D1A3004F85E6 /* GoogleService-Info.plist in Resources */ = {isa = PBXBuildFile; fileRef = 2AD3197A2B26D1A3004F85E6 /* GoogleService-Info.plist */; };
		2AD319802B26D43B004F85E6 /* FirebaseAnalytics in Frameworks */ = {isa = PBXBuildFile; productRef = 2AD3197F2B26D43B004F85E6 /* FirebaseAnalytics */; };
		2AD319822B26D43B004F85E6 /* FirebaseAnalyticsOnDeviceConversion in Frameworks */ = {isa = PBXBuildFile; productRef = 2AD319812B26D43B004F85E6 /* FirebaseAnalyticsOnDeviceConversion */; };
		2AD319842B26D43B004F85E6 /* FirebaseAnalyticsSwift in Frameworks */ = {isa = PBXBuildFile; productRef = 2AD319832B26D43B004F85E6 /* FirebaseAnalyticsSwift */; };
		2AD319862B26D43B004F85E6 /* FirebaseAnalyticsWithoutAdIdSupport in Frameworks */ = {isa = PBXBuildFile; productRef = 2AD319852B26D43B004F85E6 /* FirebaseAnalyticsWithoutAdIdSupport */; };
		2AD3198A2B26D9AD004F85E6 /* FCCollectionReference.swift in Sources */ = {isa = PBXBuildFile; fileRef = 2AD319892B26D9AD004F85E6 /* FCCollectionReference.swift */; };
		2AD3198D2B26DB29004F85E6 /* FirebaseFirestore in Frameworks */ = {isa = PBXBuildFile; productRef = 2AD3198C2B26DB29004F85E6 /* FirebaseFirestore */; };
		2AD3198F2B26DB29004F85E6 /* FirebaseFirestoreCombine-Community in Frameworks */ = {isa = PBXBuildFile; productRef = 2AD3198E2B26DB29004F85E6 /* FirebaseFirestoreCombine-Community */; };
		2AD319912B26DB29004F85E6 /* FirebaseFirestoreSwift in Frameworks */ = {isa = PBXBuildFile; productRef = 2AD319902B26DB29004F85E6 /* FirebaseFirestoreSwift */; };
		2AD319932B26E587004F85E6 /* FirebaseRepository.swift in Sources */ = {isa = PBXBuildFile; fileRef = 2AD319922B26E587004F85E6 /* FirebaseRepository.swift */; };
		2AD319952B270116004F85E6 /* Error.swift in Sources */ = {isa = PBXBuildFile; fileRef = 2AD319942B270116004F85E6 /* Error.swift */; };
		2AE880E22B2447460008E04E /* Game.swift in Sources */ = {isa = PBXBuildFile; fileRef = 2AE880E12B2447460008E04E /* Game.swift */; };
		2AF5B72F2B21CC7D005189BC /* AlertItem.swift in Sources */ = {isa = PBXBuildFile; fileRef = 2AF5B72E2B21CC7D005189BC /* AlertItem.swift */; };
		2AF5B7312B21D573005189BC /* GameState.swift in Sources */ = {isa = PBXBuildFile; fileRef = 2AF5B7302B21D573005189BC /* GameState.swift */; };
		2FC8BEB12B0B399B0046A90D /* TTTGameApp.swift in Sources */ = {isa = PBXBuildFile; fileRef = 2FC8BEB02B0B399B0046A90D /* TTTGameApp.swift */; };
		2FC8BEB32B0B399B0046A90D /* HomeView.swift in Sources */ = {isa = PBXBuildFile; fileRef = 2FC8BEB22B0B399B0046A90D /* HomeView.swift */; };
		2FC8BEB52B0B399C0046A90D /* Assets.xcassets in Resources */ = {isa = PBXBuildFile; fileRef = 2FC8BEB42B0B399C0046A90D /* Assets.xcassets */; };
		2FC8BEB82B0B399C0046A90D /* Preview Assets.xcassets in Resources */ = {isa = PBXBuildFile; fileRef = 2FC8BEB72B0B399C0046A90D /* Preview Assets.xcassets */; };
		2FC8BEC22B0B399C0046A90D /* TTTGameTests.swift in Sources */ = {isa = PBXBuildFile; fileRef = 2FC8BEC12B0B399C0046A90D /* TTTGameTests.swift */; };
/* End PBXBuildFile section */

/* Begin PBXContainerItemProxy section */
		2FC8BEBE2B0B399C0046A90D /* PBXContainerItemProxy */ = {
			isa = PBXContainerItemProxy;
			containerPortal = 2FC8BEA52B0B399B0046A90D /* Project object */;
			proxyType = 1;
			remoteGlobalIDString = 2FC8BEAC2B0B399B0046A90D;
			remoteInfo = TTTGame;
		};
		2FC8BEC82B0B399C0046A90D /* PBXContainerItemProxy */ = {
			isa = PBXContainerItemProxy;
			containerPortal = 2FC8BEA52B0B399B0046A90D /* Project object */;
			proxyType = 1;
			remoteGlobalIDString = 2FC8BEAC2B0B399B0046A90D;
			remoteInfo = TTTGame;
		};
/* End PBXContainerItemProxy section */

/* Begin PBXFileReference section */
		2A29759F2B1D8F4500C7E015 /* GameMode.swift */ = {isa = PBXFileReference; lastKnownFileType = sourcecode.swift; path = GameMode.swift; sourceTree = "<group>"; };
		2A2975A12B1D90C300C7E015 /* Constants.swift */ = {isa = PBXFileReference; lastKnownFileType = sourcecode.swift; path = Constants.swift; sourceTree = "<group>"; };
		2A32E3DF2B1D9E7A00F2C3FB /* ButtonStyle.swift */ = {isa = PBXFileReference; lastKnownFileType = sourcecode.swift; path = ButtonStyle.swift; sourceTree = "<group>"; };
		2A32E3E22B1DAAFF00F2C3FB /* GameView.swift */ = {isa = PBXFileReference; lastKnownFileType = sourcecode.swift; path = GameView.swift; sourceTree = "<group>"; };
		2A32E3E52B1DBEBD00F2C3FB /* GameViewModel.swift */ = {isa = PBXFileReference; lastKnownFileType = sourcecode.swift; path = GameViewModel.swift; sourceTree = "<group>"; };
		2A32E3E72B1DC2FB00F2C3FB /* BoardCircle.swift */ = {isa = PBXFileReference; lastKnownFileType = sourcecode.swift; path = BoardCircle.swift; sourceTree = "<group>"; };
		2A32E3EC2B1F244400F2C3FB /* Player.swift */ = {isa = PBXFileReference; lastKnownFileType = sourcecode.swift; path = Player.swift; sourceTree = "<group>"; };
		2A32E3EE2B1F28BF00F2C3FB /* GameMove.swift */ = {isa = PBXFileReference; lastKnownFileType = sourcecode.swift; path = GameMove.swift; sourceTree = "<group>"; };
		2AD3197A2B26D1A3004F85E6 /* GoogleService-Info.plist */ = {isa = PBXFileReference; fileEncoding = 4; lastKnownFileType = text.plist.xml; path = "GoogleService-Info.plist"; sourceTree = "<group>"; };
		2AD319892B26D9AD004F85E6 /* FCCollectionReference.swift */ = {isa = PBXFileReference; lastKnownFileType = sourcecode.swift; path = FCCollectionReference.swift; sourceTree = "<group>"; };
		2AD319922B26E587004F85E6 /* FirebaseRepository.swift */ = {isa = PBXFileReference; lastKnownFileType = sourcecode.swift; path = FirebaseRepository.swift; sourceTree = "<group>"; };
		2AD319942B270116004F85E6 /* Error.swift */ = {isa = PBXFileReference; lastKnownFileType = sourcecode.swift; path = Error.swift; sourceTree = "<group>"; };
		2AE880E12B2447460008E04E /* Game.swift */ = {isa = PBXFileReference; lastKnownFileType = sourcecode.swift; path = Game.swift; sourceTree = "<group>"; };
		2AF5B72E2B21CC7D005189BC /* AlertItem.swift */ = {isa = PBXFileReference; lastKnownFileType = sourcecode.swift; path = AlertItem.swift; sourceTree = "<group>"; };
		2AF5B7302B21D573005189BC /* GameState.swift */ = {isa = PBXFileReference; lastKnownFileType = sourcecode.swift; path = GameState.swift; sourceTree = "<group>"; };
		2FC8BEAD2B0B399B0046A90D /* TTTGame.app */ = {isa = PBXFileReference; explicitFileType = wrapper.application; includeInIndex = 0; path = TTTGame.app; sourceTree = BUILT_PRODUCTS_DIR; };
		2FC8BEB02B0B399B0046A90D /* TTTGameApp.swift */ = {isa = PBXFileReference; lastKnownFileType = sourcecode.swift; path = TTTGameApp.swift; sourceTree = "<group>"; };
		2FC8BEB22B0B399B0046A90D /* HomeView.swift */ = {isa = PBXFileReference; lastKnownFileType = sourcecode.swift; path = HomeView.swift; sourceTree = "<group>"; };
		2FC8BEB42B0B399C0046A90D /* Assets.xcassets */ = {isa = PBXFileReference; lastKnownFileType = folder.assetcatalog; path = Assets.xcassets; sourceTree = "<group>"; };
		2FC8BEB72B0B399C0046A90D /* Preview Assets.xcassets */ = {isa = PBXFileReference; lastKnownFileType = folder.assetcatalog; path = "Preview Assets.xcassets"; sourceTree = "<group>"; };
		2FC8BEBD2B0B399C0046A90D /* TTTGameTests.xctest */ = {isa = PBXFileReference; explicitFileType = wrapper.cfbundle; includeInIndex = 0; path = TTTGameTests.xctest; sourceTree = BUILT_PRODUCTS_DIR; };
		2FC8BEC12B0B399C0046A90D /* TTTGameTests.swift */ = {isa = PBXFileReference; lastKnownFileType = sourcecode.swift; path = TTTGameTests.swift; sourceTree = "<group>"; };
		2FC8BEC72B0B399C0046A90D /* TTTGameUITests.xctest */ = {isa = PBXFileReference; explicitFileType = wrapper.cfbundle; includeInIndex = 0; path = TTTGameUITests.xctest; sourceTree = BUILT_PRODUCTS_DIR; };
/* End PBXFileReference section */

/* Begin PBXFrameworksBuildPhase section */
		2FC8BEAA2B0B399B0046A90D /* Frameworks */ = {
			isa = PBXFrameworksBuildPhase;
			buildActionMask = 2147483647;
			files = (
				2AD319842B26D43B004F85E6 /* FirebaseAnalyticsSwift in Frameworks */,
				2AD319802B26D43B004F85E6 /* FirebaseAnalytics in Frameworks */,
				2AD319822B26D43B004F85E6 /* FirebaseAnalyticsOnDeviceConversion in Frameworks */,
				2AD319862B26D43B004F85E6 /* FirebaseAnalyticsWithoutAdIdSupport in Frameworks */,
				2AD3198D2B26DB29004F85E6 /* FirebaseFirestore in Frameworks */,
				2AD3198F2B26DB29004F85E6 /* FirebaseFirestoreCombine-Community in Frameworks */,
				2AD319912B26DB29004F85E6 /* FirebaseFirestoreSwift in Frameworks */,
			);
			runOnlyForDeploymentPostprocessing = 0;
		};
		2FC8BEBA2B0B399C0046A90D /* Frameworks */ = {
			isa = PBXFrameworksBuildPhase;
			buildActionMask = 2147483647;
			files = (
			);
			runOnlyForDeploymentPostprocessing = 0;
		};
		2FC8BEC42B0B399C0046A90D /* Frameworks */ = {
			isa = PBXFrameworksBuildPhase;
			buildActionMask = 2147483647;
			files = (
			);
			runOnlyForDeploymentPostprocessing = 0;
		};
/* End PBXFrameworksBuildPhase section */

/* Begin PBXGroup section */
		2A29759E2B1D8F1E00C7E015 /* Models */ = {
			isa = PBXGroup;
			children = (
				2AF5B72E2B21CC7D005189BC /* AlertItem.swift */,
				2AE880E12B2447460008E04E /* Game.swift */,
				2A29759F2B1D8F4500C7E015 /* GameMode.swift */,
				2A32E3EE2B1F28BF00F2C3FB /* GameMove.swift */,
				2AF5B7302B21D573005189BC /* GameState.swift */,
				2A32E3EC2B1F244400F2C3FB /* Player.swift */,
			);
			path = Models;
			sourceTree = "<group>";
		};
		2A2975A32B1D912500C7E015 /* App */ = {
			isa = PBXGroup;
			children = (
				2A2975A12B1D90C300C7E015 /* Constants.swift */,
				2AD319942B270116004F85E6 /* Error.swift */,
			);
			path = App;
			sourceTree = "<group>";
		};
		2A32E3DE2B1D9DE500F2C3FB /* Repositories */ = {
			isa = PBXGroup;
			children = (
				2AD319892B26D9AD004F85E6 /* FCCollectionReference.swift */,
				2AD319922B26E587004F85E6 /* FirebaseRepository.swift */,
			);
			path = Repositories;
			sourceTree = "<group>";
		};
		2A32E3E12B1DAAE700F2C3FB /* Presentation */ = {
			isa = PBXGroup;
			children = (
				2A32E3E92B1DC30B00F2C3FB /* Components */,
				2FC8BEB22B0B399B0046A90D /* HomeView.swift */,
				2A32E3E22B1DAAFF00F2C3FB /* GameView.swift */,
			);
			path = Presentation;
			sourceTree = "<group>";
		};
		2A32E3E42B1DBE6400F2C3FB /* Domains */ = {
			isa = PBXGroup;
			children = (
				2A32E3E52B1DBEBD00F2C3FB /* GameViewModel.swift */,
			);
			path = Domains;
			sourceTree = "<group>";
		};
		2A32E3E92B1DC30B00F2C3FB /* Components */ = {
			isa = PBXGroup;
			children = (
				2A32E3E72B1DC2FB00F2C3FB /* BoardCircle.swift */,
			);
			path = Components;
			sourceTree = "<group>";
		};
		2AD3197C2B26D1AF004F85E6 /* Resources */ = {
			isa = PBXGroup;
			children = (
				2AD3197A2B26D1A3004F85E6 /* GoogleService-Info.plist */,
				2FC8BEB42B0B399C0046A90D /* Assets.xcassets */,
			);
			path = Resources;
			sourceTree = "<group>";
		};
		2AD3198B2B26DB29004F85E6 /* Frameworks */ = {
			isa = PBXGroup;
			children = (
			);
			name = Frameworks;
			sourceTree = "<group>";
		};
		2AD319962B270142004F85E6 /* Helpers */ = {
			isa = PBXGroup;
			children = (
				2A32E3DF2B1D9E7A00F2C3FB /* ButtonStyle.swift */,
			);
			path = Helpers;
			sourceTree = "<group>";
		};
		2FC8BEA42B0B399B0046A90D = {
			isa = PBXGroup;
			children = (
				2FC8BEAF2B0B399B0046A90D /* TTTGame */,
				2FC8BEC02B0B399C0046A90D /* TTTGameTests */,
				2FC8BEAE2B0B399B0046A90D /* Products */,
				2AD3198B2B26DB29004F85E6 /* Frameworks */,
			);
			sourceTree = "<group>";
		};
		2FC8BEAE2B0B399B0046A90D /* Products */ = {
			isa = PBXGroup;
			children = (
				2FC8BEAD2B0B399B0046A90D /* TTTGame.app */,
				2FC8BEBD2B0B399C0046A90D /* TTTGameTests.xctest */,
				2FC8BEC72B0B399C0046A90D /* TTTGameUITests.xctest */,
			);
			name = Products;
			sourceTree = "<group>";
		};
		2FC8BEAF2B0B399B0046A90D /* TTTGame */ = {
			isa = PBXGroup;
			children = (
				2FC8BEB02B0B399B0046A90D /* TTTGameApp.swift */,
				2A2975A32B1D912500C7E015 /* App */,
				2A32E3DE2B1D9DE500F2C3FB /* Repositories */,
				2A29759E2B1D8F1E00C7E015 /* Models */,
				2AD319962B270142004F85E6 /* Helpers */,
				2A32E3E12B1DAAE700F2C3FB /* Presentation */,
				2A32E3E42B1DBE6400F2C3FB /* Domains */,
				2AD3197C2B26D1AF004F85E6 /* Resources */,
				2FC8BEB62B0B399C0046A90D /* Preview Content */,
			);
			path = TTTGame;
			sourceTree = "<group>";
		};
		2FC8BEB62B0B399C0046A90D /* Preview Content */ = {
			isa = PBXGroup;
			children = (
				2FC8BEB72B0B399C0046A90D /* Preview Assets.xcassets */,
			);
			path = "Preview Content";
			sourceTree = "<group>";
		};
		2FC8BEC02B0B399C0046A90D /* TTTGameTests */ = {
			isa = PBXGroup;
			children = (
				2FC8BEC12B0B399C0046A90D /* TTTGameTests.swift */,
			);
			path = TTTGameTests;
			sourceTree = "<group>";
		};
/* End PBXGroup section */

/* Begin PBXNativeTarget section */
		2FC8BEAC2B0B399B0046A90D /* TTTGame */ = {
			isa = PBXNativeTarget;
			buildConfigurationList = 2FC8BED12B0B399C0046A90D /* Build configuration list for PBXNativeTarget "TTTGame" */;
			buildPhases = (
				2FC8BEA92B0B399B0046A90D /* Sources */,
				2FC8BEAA2B0B399B0046A90D /* Frameworks */,
				2FC8BEAB2B0B399B0046A90D /* Resources */,
			);
			buildRules = (
			);
			dependencies = (
			);
			name = TTTGame;
			packageProductDependencies = (
				2AD3197F2B26D43B004F85E6 /* FirebaseAnalytics */,
				2AD319812B26D43B004F85E6 /* FirebaseAnalyticsOnDeviceConversion */,
				2AD319832B26D43B004F85E6 /* FirebaseAnalyticsSwift */,
				2AD319852B26D43B004F85E6 /* FirebaseAnalyticsWithoutAdIdSupport */,
				2AD3198C2B26DB29004F85E6 /* FirebaseFirestore */,
				2AD3198E2B26DB29004F85E6 /* FirebaseFirestoreCombine-Community */,
				2AD319902B26DB29004F85E6 /* FirebaseFirestoreSwift */,
			);
			productName = TTTGame;
			productReference = 2FC8BEAD2B0B399B0046A90D /* TTTGame.app */;
			productType = "com.apple.product-type.application";
		};
		2FC8BEBC2B0B399C0046A90D /* TTTGameTests */ = {
			isa = PBXNativeTarget;
			buildConfigurationList = 2FC8BED42B0B399C0046A90D /* Build configuration list for PBXNativeTarget "TTTGameTests" */;
			buildPhases = (
				2FC8BEB92B0B399C0046A90D /* Sources */,
				2FC8BEBA2B0B399C0046A90D /* Frameworks */,
				2FC8BEBB2B0B399C0046A90D /* Resources */,
			);
			buildRules = (
			);
			dependencies = (
				2FC8BEBF2B0B399C0046A90D /* PBXTargetDependency */,
			);
			name = TTTGameTests;
			productName = TTTGameTests;
			productReference = 2FC8BEBD2B0B399C0046A90D /* TTTGameTests.xctest */;
			productType = "com.apple.product-type.bundle.unit-test";
		};
		2FC8BEC62B0B399C0046A90D /* TTTGameUITests */ = {
			isa = PBXNativeTarget;
			buildConfigurationList = 2FC8BED72B0B399C0046A90D /* Build configuration list for PBXNativeTarget "TTTGameUITests" */;
			buildPhases = (
				2FC8BEC32B0B399C0046A90D /* Sources */,
				2FC8BEC42B0B399C0046A90D /* Frameworks */,
				2FC8BEC52B0B399C0046A90D /* Resources */,
			);
			buildRules = (
			);
			dependencies = (
				2FC8BEC92B0B399C0046A90D /* PBXTargetDependency */,
			);
			name = TTTGameUITests;
			productName = TTTGameUITests;
			productReference = 2FC8BEC72B0B399C0046A90D /* TTTGameUITests.xctest */;
			productType = "com.apple.product-type.bundle.ui-testing";
		};
/* End PBXNativeTarget section */

/* Begin PBXProject section */
		2FC8BEA52B0B399B0046A90D /* Project object */ = {
			isa = PBXProject;
			attributes = {
				BuildIndependentTargetsInParallel = 1;
				LastSwiftUpdateCheck = 1500;
				LastUpgradeCheck = 1500;
				TargetAttributes = {
					2FC8BEAC2B0B399B0046A90D = {
						CreatedOnToolsVersion = 15.0.1;
					};
					2FC8BEBC2B0B399C0046A90D = {
						CreatedOnToolsVersion = 15.0.1;
						TestTargetID = 2FC8BEAC2B0B399B0046A90D;
					};
					2FC8BEC62B0B399C0046A90D = {
						CreatedOnToolsVersion = 15.0.1;
						TestTargetID = 2FC8BEAC2B0B399B0046A90D;
					};
				};
			};
			buildConfigurationList = 2FC8BEA82B0B399B0046A90D /* Build configuration list for PBXProject "TTTGame" */;
			compatibilityVersion = "Xcode 14.0";
			developmentRegion = en;
			hasScannedForEncodings = 0;
			knownRegions = (
				en,
				Base,
			);
			mainGroup = 2FC8BEA42B0B399B0046A90D;
			packageReferences = (
				2AD3197E2B26D43B004F85E6 /* XCRemoteSwiftPackageReference "firebase-ios-sdk" */,
			);
			productRefGroup = 2FC8BEAE2B0B399B0046A90D /* Products */;
			projectDirPath = "";
			projectRoot = "";
			targets = (
				2FC8BEAC2B0B399B0046A90D /* TTTGame */,
				2FC8BEBC2B0B399C0046A90D /* TTTGameTests */,
				2FC8BEC62B0B399C0046A90D /* TTTGameUITests */,
			);
		};
/* End PBXProject section */

/* Begin PBXResourcesBuildPhase section */
		2FC8BEAB2B0B399B0046A90D /* Resources */ = {
			isa = PBXResourcesBuildPhase;
			buildActionMask = 2147483647;
			files = (
				2FC8BEB82B0B399C0046A90D /* Preview Assets.xcassets in Resources */,
				2FC8BEB52B0B399C0046A90D /* Assets.xcassets in Resources */,
				2AD3197B2B26D1A3004F85E6 /* GoogleService-Info.plist in Resources */,
			);
			runOnlyForDeploymentPostprocessing = 0;
		};
		2FC8BEBB2B0B399C0046A90D /* Resources */ = {
			isa = PBXResourcesBuildPhase;
			buildActionMask = 2147483647;
			files = (
			);
			runOnlyForDeploymentPostprocessing = 0;
		};
		2FC8BEC52B0B399C0046A90D /* Resources */ = {
			isa = PBXResourcesBuildPhase;
			buildActionMask = 2147483647;
			files = (
			);
			runOnlyForDeploymentPostprocessing = 0;
		};
/* End PBXResourcesBuildPhase section */

/* Begin PBXSourcesBuildPhase section */
		2FC8BEA92B0B399B0046A90D /* Sources */ = {
			isa = PBXSourcesBuildPhase;
			buildActionMask = 2147483647;
			files = (
				2AF5B72F2B21CC7D005189BC /* AlertItem.swift in Sources */,
				2FC8BEB32B0B399B0046A90D /* HomeView.swift in Sources */,
				2A32E3EF2B1F28BF00F2C3FB /* GameMove.swift in Sources */,
				2AE880E22B2447460008E04E /* Game.swift in Sources */,
				2AD319952B270116004F85E6 /* Error.swift in Sources */,
				2FC8BEB12B0B399B0046A90D /* TTTGameApp.swift in Sources */,
				2A2975A22B1D90C300C7E015 /* Constants.swift in Sources */,
				2A32E3E02B1D9E7A00F2C3FB /* ButtonStyle.swift in Sources */,
				2A32E3E32B1DAAFF00F2C3FB /* GameView.swift in Sources */,
				2AD319932B26E587004F85E6 /* FirebaseRepository.swift in Sources */,
				2AD3198A2B26D9AD004F85E6 /* FCCollectionReference.swift in Sources */,
				2A32E3E82B1DC2FB00F2C3FB /* BoardCircle.swift in Sources */,
				2A2975A02B1D8F4500C7E015 /* GameMode.swift in Sources */,
				2AF5B7312B21D573005189BC /* GameState.swift in Sources */,
				2A32E3ED2B1F244400F2C3FB /* Player.swift in Sources */,
				2A32E3E62B1DBEBD00F2C3FB /* GameViewModel.swift in Sources */,
			);
			runOnlyForDeploymentPostprocessing = 0;
		};
		2FC8BEB92B0B399C0046A90D /* Sources */ = {
			isa = PBXSourcesBuildPhase;
			buildActionMask = 2147483647;
			files = (
				2FC8BEC22B0B399C0046A90D /* TTTGameTests.swift in Sources */,
			);
			runOnlyForDeploymentPostprocessing = 0;
		};
		2FC8BEC32B0B399C0046A90D /* Sources */ = {
			isa = PBXSourcesBuildPhase;
			buildActionMask = 2147483647;
			files = (
			);
			runOnlyForDeploymentPostprocessing = 0;
		};
/* End PBXSourcesBuildPhase section */

/* Begin PBXTargetDependency section */
		2FC8BEBF2B0B399C0046A90D /* PBXTargetDependency */ = {
			isa = PBXTargetDependency;
			target = 2FC8BEAC2B0B399B0046A90D /* TTTGame */;
			targetProxy = 2FC8BEBE2B0B399C0046A90D /* PBXContainerItemProxy */;
		};
		2FC8BEC92B0B399C0046A90D /* PBXTargetDependency */ = {
			isa = PBXTargetDependency;
			target = 2FC8BEAC2B0B399B0046A90D /* TTTGame */;
			targetProxy = 2FC8BEC82B0B399C0046A90D /* PBXContainerItemProxy */;
		};
/* End PBXTargetDependency section */

/* Begin XCBuildConfiguration section */
		2FC8BECF2B0B399C0046A90D /* Debug */ = {
			isa = XCBuildConfiguration;
			buildSettings = {
				ALWAYS_SEARCH_USER_PATHS = NO;
				ASSETCATALOG_COMPILER_GENERATE_SWIFT_ASSET_SYMBOL_EXTENSIONS = YES;
				CLANG_ANALYZER_NONNULL = YES;
				CLANG_ANALYZER_NUMBER_OBJECT_CONVERSION = YES_AGGRESSIVE;
				CLANG_CXX_LANGUAGE_STANDARD = "gnu++20";
				CLANG_ENABLE_MODULES = YES;
				CLANG_ENABLE_OBJC_ARC = YES;
				CLANG_ENABLE_OBJC_WEAK = YES;
				CLANG_WARN_BLOCK_CAPTURE_AUTORELEASING = YES;
				CLANG_WARN_BOOL_CONVERSION = YES;
				CLANG_WARN_COMMA = YES;
				CLANG_WARN_CONSTANT_CONVERSION = YES;
				CLANG_WARN_DEPRECATED_OBJC_IMPLEMENTATIONS = YES;
				CLANG_WARN_DIRECT_OBJC_ISA_USAGE = YES_ERROR;
				CLANG_WARN_DOCUMENTATION_COMMENTS = YES;
				CLANG_WARN_EMPTY_BODY = YES;
				CLANG_WARN_ENUM_CONVERSION = YES;
				CLANG_WARN_INFINITE_RECURSION = YES;
				CLANG_WARN_INT_CONVERSION = YES;
				CLANG_WARN_NON_LITERAL_NULL_CONVERSION = YES;
				CLANG_WARN_OBJC_IMPLICIT_RETAIN_SELF = YES;
				CLANG_WARN_OBJC_LITERAL_CONVERSION = YES;
				CLANG_WARN_OBJC_ROOT_CLASS = YES_ERROR;
				CLANG_WARN_QUOTED_INCLUDE_IN_FRAMEWORK_HEADER = YES;
				CLANG_WARN_RANGE_LOOP_ANALYSIS = YES;
				CLANG_WARN_STRICT_PROTOTYPES = YES;
				CLANG_WARN_SUSPICIOUS_MOVE = YES;
				CLANG_WARN_UNGUARDED_AVAILABILITY = YES_AGGRESSIVE;
				CLANG_WARN_UNREACHABLE_CODE = YES;
				CLANG_WARN__DUPLICATE_METHOD_MATCH = YES;
				COPY_PHASE_STRIP = NO;
				DEBUG_INFORMATION_FORMAT = dwarf;
				ENABLE_STRICT_OBJC_MSGSEND = YES;
				ENABLE_TESTABILITY = YES;
				ENABLE_USER_SCRIPT_SANDBOXING = YES;
				GCC_C_LANGUAGE_STANDARD = gnu17;
				GCC_DYNAMIC_NO_PIC = NO;
				GCC_NO_COMMON_BLOCKS = YES;
				GCC_OPTIMIZATION_LEVEL = 0;
				GCC_PREPROCESSOR_DEFINITIONS = (
					"DEBUG=1",
					"$(inherited)",
				);
				GCC_WARN_64_TO_32_BIT_CONVERSION = YES;
				GCC_WARN_ABOUT_RETURN_TYPE = YES_ERROR;
				GCC_WARN_UNDECLARED_SELECTOR = YES;
				GCC_WARN_UNINITIALIZED_AUTOS = YES_AGGRESSIVE;
				GCC_WARN_UNUSED_FUNCTION = YES;
				GCC_WARN_UNUSED_VARIABLE = YES;
				IPHONEOS_DEPLOYMENT_TARGET = 17.0;
				LOCALIZATION_PREFERS_STRING_CATALOGS = YES;
				MTL_ENABLE_DEBUG_INFO = INCLUDE_SOURCE;
				MTL_FAST_MATH = YES;
				ONLY_ACTIVE_ARCH = YES;
				SDKROOT = iphoneos;
				SWIFT_ACTIVE_COMPILATION_CONDITIONS = "DEBUG $(inherited)";
				SWIFT_OPTIMIZATION_LEVEL = "-Onone";
			};
			name = Debug;
		};
		2FC8BED02B0B399C0046A90D /* Release */ = {
			isa = XCBuildConfiguration;
			buildSettings = {
				ALWAYS_SEARCH_USER_PATHS = NO;
				ASSETCATALOG_COMPILER_GENERATE_SWIFT_ASSET_SYMBOL_EXTENSIONS = YES;
				CLANG_ANALYZER_NONNULL = YES;
				CLANG_ANALYZER_NUMBER_OBJECT_CONVERSION = YES_AGGRESSIVE;
				CLANG_CXX_LANGUAGE_STANDARD = "gnu++20";
				CLANG_ENABLE_MODULES = YES;
				CLANG_ENABLE_OBJC_ARC = YES;
				CLANG_ENABLE_OBJC_WEAK = YES;
				CLANG_WARN_BLOCK_CAPTURE_AUTORELEASING = YES;
				CLANG_WARN_BOOL_CONVERSION = YES;
				CLANG_WARN_COMMA = YES;
				CLANG_WARN_CONSTANT_CONVERSION = YES;
				CLANG_WARN_DEPRECATED_OBJC_IMPLEMENTATIONS = YES;
				CLANG_WARN_DIRECT_OBJC_ISA_USAGE = YES_ERROR;
				CLANG_WARN_DOCUMENTATION_COMMENTS = YES;
				CLANG_WARN_EMPTY_BODY = YES;
				CLANG_WARN_ENUM_CONVERSION = YES;
				CLANG_WARN_INFINITE_RECURSION = YES;
				CLANG_WARN_INT_CONVERSION = YES;
				CLANG_WARN_NON_LITERAL_NULL_CONVERSION = YES;
				CLANG_WARN_OBJC_IMPLICIT_RETAIN_SELF = YES;
				CLANG_WARN_OBJC_LITERAL_CONVERSION = YES;
				CLANG_WARN_OBJC_ROOT_CLASS = YES_ERROR;
				CLANG_WARN_QUOTED_INCLUDE_IN_FRAMEWORK_HEADER = YES;
				CLANG_WARN_RANGE_LOOP_ANALYSIS = YES;
				CLANG_WARN_STRICT_PROTOTYPES = YES;
				CLANG_WARN_SUSPICIOUS_MOVE = YES;
				CLANG_WARN_UNGUARDED_AVAILABILITY = YES_AGGRESSIVE;
				CLANG_WARN_UNREACHABLE_CODE = YES;
				CLANG_WARN__DUPLICATE_METHOD_MATCH = YES;
				COPY_PHASE_STRIP = NO;
				DEBUG_INFORMATION_FORMAT = "dwarf-with-dsym";
				ENABLE_NS_ASSERTIONS = NO;
				ENABLE_STRICT_OBJC_MSGSEND = YES;
				ENABLE_USER_SCRIPT_SANDBOXING = YES;
				GCC_C_LANGUAGE_STANDARD = gnu17;
				GCC_NO_COMMON_BLOCKS = YES;
				GCC_WARN_64_TO_32_BIT_CONVERSION = YES;
				GCC_WARN_ABOUT_RETURN_TYPE = YES_ERROR;
				GCC_WARN_UNDECLARED_SELECTOR = YES;
				GCC_WARN_UNINITIALIZED_AUTOS = YES_AGGRESSIVE;
				GCC_WARN_UNUSED_FUNCTION = YES;
				GCC_WARN_UNUSED_VARIABLE = YES;
				IPHONEOS_DEPLOYMENT_TARGET = 17.0;
				LOCALIZATION_PREFERS_STRING_CATALOGS = YES;
				MTL_ENABLE_DEBUG_INFO = NO;
				MTL_FAST_MATH = YES;
				SDKROOT = iphoneos;
				SWIFT_COMPILATION_MODE = wholemodule;
				VALIDATE_PRODUCT = YES;
			};
			name = Release;
		};
		2FC8BED22B0B399C0046A90D /* Debug */ = {
			isa = XCBuildConfiguration;
			buildSettings = {
				ASSETCATALOG_COMPILER_APPICON_NAME = AppIcon;
				ASSETCATALOG_COMPILER_GLOBAL_ACCENT_COLOR_NAME = AccentColor;
				CODE_SIGN_STYLE = Automatic;
				CURRENT_PROJECT_VERSION = 1;
				DEVELOPMENT_ASSET_PATHS = "\"TTTGame/Preview Content\"";
				DEVELOPMENT_TEAM = D9U7C3MMTS;
				ENABLE_PREVIEWS = YES;
				GENERATE_INFOPLIST_FILE = YES;
				INFOPLIST_KEY_UIApplicationSceneManifest_Generation = YES;
				INFOPLIST_KEY_UIApplicationSupportsIndirectInputEvents = YES;
				INFOPLIST_KEY_UILaunchScreen_Generation = YES;
				INFOPLIST_KEY_UIRequiresFullScreen = YES;
				INFOPLIST_KEY_UISupportedInterfaceOrientations = UIInterfaceOrientationPortrait;
				INFOPLIST_KEY_UISupportedInterfaceOrientations_iPad = "UIInterfaceOrientationPortrait UIInterfaceOrientationPortraitUpsideDown";
				LD_RUNPATH_SEARCH_PATHS = (
					"$(inherited)",
					"@executable_path/Frameworks",
				);
				MARKETING_VERSION = 1.0;
				PRODUCT_BUNDLE_IDENTIFIER = com.devhaute.TTTGame;
				PRODUCT_NAME = "$(TARGET_NAME)";
				SUPPORTED_PLATFORMS = "iphoneos iphonesimulator";
				SUPPORTS_MACCATALYST = NO;
				SUPPORTS_MAC_DESIGNED_FOR_IPHONE_IPAD = NO;
				SWIFT_EMIT_LOC_STRINGS = YES;
				SWIFT_VERSION = 5.0;
				TARGETED_DEVICE_FAMILY = "1,2";
			};
			name = Debug;
		};
		2FC8BED32B0B399C0046A90D /* Release */ = {
			isa = XCBuildConfiguration;
			buildSettings = {
				ASSETCATALOG_COMPILER_APPICON_NAME = AppIcon;
				ASSETCATALOG_COMPILER_GLOBAL_ACCENT_COLOR_NAME = AccentColor;
				CODE_SIGN_STYLE = Automatic;
				CURRENT_PROJECT_VERSION = 1;
				DEVELOPMENT_ASSET_PATHS = "\"TTTGame/Preview Content\"";
				DEVELOPMENT_TEAM = D9U7C3MMTS;
				ENABLE_PREVIEWS = YES;
				GENERATE_INFOPLIST_FILE = YES;
				INFOPLIST_KEY_UIApplicationSceneManifest_Generation = YES;
				INFOPLIST_KEY_UIApplicationSupportsIndirectInputEvents = YES;
				INFOPLIST_KEY_UILaunchScreen_Generation = YES;
				INFOPLIST_KEY_UIRequiresFullScreen = YES;
				INFOPLIST_KEY_UISupportedInterfaceOrientations = UIInterfaceOrientationPortrait;
				INFOPLIST_KEY_UISupportedInterfaceOrientations_iPad = "UIInterfaceOrientationPortrait UIInterfaceOrientationPortraitUpsideDown";
				LD_RUNPATH_SEARCH_PATHS = (
					"$(inherited)",
					"@executable_path/Frameworks",
				);
				MARKETING_VERSION = 1.0;
				PRODUCT_BUNDLE_IDENTIFIER = com.devhaute.TTTGame;
				PRODUCT_NAME = "$(TARGET_NAME)";
				SUPPORTED_PLATFORMS = "iphoneos iphonesimulator";
				SUPPORTS_MACCATALYST = NO;
				SUPPORTS_MAC_DESIGNED_FOR_IPHONE_IPAD = NO;
				SWIFT_EMIT_LOC_STRINGS = YES;
				SWIFT_VERSION = 5.0;
				TARGETED_DEVICE_FAMILY = "1,2";
			};
			name = Release;
		};
		2FC8BED52B0B399C0046A90D /* Debug */ = {
			isa = XCBuildConfiguration;
			buildSettings = {
				ALWAYS_EMBED_SWIFT_STANDARD_LIBRARIES = YES;
				BUNDLE_LOADER = "$(TEST_HOST)";
				CODE_SIGN_STYLE = Automatic;
				CURRENT_PROJECT_VERSION = 1;
				DEVELOPMENT_TEAM = D9U7C3MMTS;
				GENERATE_INFOPLIST_FILE = YES;
				IPHONEOS_DEPLOYMENT_TARGET = 17.0;
				MARKETING_VERSION = 1.0;
				PRODUCT_BUNDLE_IDENTIFIER = com.devhaute.TTTGameTests;
				PRODUCT_NAME = "$(TARGET_NAME)";
				SWIFT_EMIT_LOC_STRINGS = NO;
				SWIFT_VERSION = 5.0;
				TARGETED_DEVICE_FAMILY = "1,2";
				TEST_HOST = "$(BUILT_PRODUCTS_DIR)/TTTGame.app/$(BUNDLE_EXECUTABLE_FOLDER_PATH)/TTTGame";
			};
			name = Debug;
		};
		2FC8BED62B0B399C0046A90D /* Release */ = {
			isa = XCBuildConfiguration;
			buildSettings = {
				ALWAYS_EMBED_SWIFT_STANDARD_LIBRARIES = YES;
				BUNDLE_LOADER = "$(TEST_HOST)";
				CODE_SIGN_STYLE = Automatic;
				CURRENT_PROJECT_VERSION = 1;
				DEVELOPMENT_TEAM = D9U7C3MMTS;
				GENERATE_INFOPLIST_FILE = YES;
				IPHONEOS_DEPLOYMENT_TARGET = 17.0;
				MARKETING_VERSION = 1.0;
				PRODUCT_BUNDLE_IDENTIFIER = com.devhaute.TTTGameTests;
				PRODUCT_NAME = "$(TARGET_NAME)";
				SWIFT_EMIT_LOC_STRINGS = NO;
				SWIFT_VERSION = 5.0;
				TARGETED_DEVICE_FAMILY = "1,2";
				TEST_HOST = "$(BUILT_PRODUCTS_DIR)/TTTGame.app/$(BUNDLE_EXECUTABLE_FOLDER_PATH)/TTTGame";
			};
			name = Release;
		};
		2FC8BED82B0B399C0046A90D /* Debug */ = {
			isa = XCBuildConfiguration;
			buildSettings = {
				ALWAYS_EMBED_SWIFT_STANDARD_LIBRARIES = YES;
				CODE_SIGN_STYLE = Automatic;
				CURRENT_PROJECT_VERSION = 1;
				DEVELOPMENT_TEAM = D9U7C3MMTS;
				GENERATE_INFOPLIST_FILE = YES;
				MARKETING_VERSION = 1.0;
				PRODUCT_BUNDLE_IDENTIFIER = com.devhaute.TTTGameUITests;
				PRODUCT_NAME = "$(TARGET_NAME)";
				SWIFT_EMIT_LOC_STRINGS = NO;
				SWIFT_VERSION = 5.0;
				TARGETED_DEVICE_FAMILY = "1,2";
				TEST_TARGET_NAME = TTTGame;
			};
			name = Debug;
		};
		2FC8BED92B0B399C0046A90D /* Release */ = {
			isa = XCBuildConfiguration;
			buildSettings = {
				ALWAYS_EMBED_SWIFT_STANDARD_LIBRARIES = YES;
				CODE_SIGN_STYLE = Automatic;
				CURRENT_PROJECT_VERSION = 1;
				DEVELOPMENT_TEAM = D9U7C3MMTS;
				GENERATE_INFOPLIST_FILE = YES;
				MARKETING_VERSION = 1.0;
				PRODUCT_BUNDLE_IDENTIFIER = com.devhaute.TTTGameUITests;
				PRODUCT_NAME = "$(TARGET_NAME)";
				SWIFT_EMIT_LOC_STRINGS = NO;
				SWIFT_VERSION = 5.0;
				TARGETED_DEVICE_FAMILY = "1,2";
				TEST_TARGET_NAME = TTTGame;
			};
			name = Release;
		};
/* End XCBuildConfiguration section */

/* Begin XCConfigurationList section */
		2FC8BEA82B0B399B0046A90D /* Build configuration list for PBXProject "TTTGame" */ = {
			isa = XCConfigurationList;
			buildConfigurations = (
				2FC8BECF2B0B399C0046A90D /* Debug */,
				2FC8BED02B0B399C0046A90D /* Release */,
			);
			defaultConfigurationIsVisible = 0;
			defaultConfigurationName = Release;
		};
		2FC8BED12B0B399C0046A90D /* Build configuration list for PBXNativeTarget "TTTGame" */ = {
			isa = XCConfigurationList;
			buildConfigurations = (
				2FC8BED22B0B399C0046A90D /* Debug */,
				2FC8BED32B0B399C0046A90D /* Release */,
			);
			defaultConfigurationIsVisible = 0;
			defaultConfigurationName = Release;
		};
		2FC8BED42B0B399C0046A90D /* Build configuration list for PBXNativeTarget "TTTGameTests" */ = {
			isa = XCConfigurationList;
			buildConfigurations = (
				2FC8BED52B0B399C0046A90D /* Debug */,
				2FC8BED62B0B399C0046A90D /* Release */,
			);
			defaultConfigurationIsVisible = 0;
			defaultConfigurationName = Release;
		};
		2FC8BED72B0B399C0046A90D /* Build configuration list for PBXNativeTarget "TTTGameUITests" */ = {
			isa = XCConfigurationList;
			buildConfigurations = (
				2FC8BED82B0B399C0046A90D /* Debug */,
				2FC8BED92B0B399C0046A90D /* Release */,
			);
			defaultConfigurationIsVisible = 0;
			defaultConfigurationName = Release;
		};
/* End XCConfigurationList section */

/* Begin XCRemoteSwiftPackageReference section */
		2AD3197E2B26D43B004F85E6 /* XCRemoteSwiftPackageReference "firebase-ios-sdk" */ = {
			isa = XCRemoteSwiftPackageReference;
			repositoryURL = "https://github.com/firebase/firebase-ios-sdk";
			requirement = {
				kind = upToNextMajorVersion;
				minimumVersion = 10.19.0;
			};
		};
/* End XCRemoteSwiftPackageReference section */

/* Begin XCSwiftPackageProductDependency section */
		2AD3197F2B26D43B004F85E6 /* FirebaseAnalytics */ = {
			isa = XCSwiftPackageProductDependency;
			package = 2AD3197E2B26D43B004F85E6 /* XCRemoteSwiftPackageReference "firebase-ios-sdk" */;
			productName = FirebaseAnalytics;
		};
		2AD319812B26D43B004F85E6 /* FirebaseAnalyticsOnDeviceConversion */ = {
			isa = XCSwiftPackageProductDependency;
			package = 2AD3197E2B26D43B004F85E6 /* XCRemoteSwiftPackageReference "firebase-ios-sdk" */;
			productName = FirebaseAnalyticsOnDeviceConversion;
		};
		2AD319832B26D43B004F85E6 /* FirebaseAnalyticsSwift */ = {
			isa = XCSwiftPackageProductDependency;
			package = 2AD3197E2B26D43B004F85E6 /* XCRemoteSwiftPackageReference "firebase-ios-sdk" */;
			productName = FirebaseAnalyticsSwift;
		};
		2AD319852B26D43B004F85E6 /* FirebaseAnalyticsWithoutAdIdSupport */ = {
			isa = XCSwiftPackageProductDependency;
			package = 2AD3197E2B26D43B004F85E6 /* XCRemoteSwiftPackageReference "firebase-ios-sdk" */;
			productName = FirebaseAnalyticsWithoutAdIdSupport;
		};
		2AD3198C2B26DB29004F85E6 /* FirebaseFirestore */ = {
			isa = XCSwiftPackageProductDependency;
			package = 2AD3197E2B26D43B004F85E6 /* XCRemoteSwiftPackageReference "firebase-ios-sdk" */;
			productName = FirebaseFirestore;
		};
		2AD3198E2B26DB29004F85E6 /* FirebaseFirestoreCombine-Community */ = {
			isa = XCSwiftPackageProductDependency;
			package = 2AD3197E2B26D43B004F85E6 /* XCRemoteSwiftPackageReference "firebase-ios-sdk" */;
			productName = "FirebaseFirestoreCombine-Community";
		};
		2AD319902B26DB29004F85E6 /* FirebaseFirestoreSwift */ = {
			isa = XCSwiftPackageProductDependency;
			package = 2AD3197E2B26D43B004F85E6 /* XCRemoteSwiftPackageReference "firebase-ios-sdk" */;
			productName = FirebaseFirestoreSwift;
		};
/* End XCSwiftPackageProductDependency section */
	};
	rootObject = 2FC8BEA52B0B399B0046A90D /* Project object */;
}
